// !$*UTF8*$!
{
	archiveVersion = 1;
	classes = {
	};
	objectVersion = 48;
	objects = {

/* Begin PBXBuildFile section */
		2577F8422F4CDCDFD0CD7489 /* libPods-ShoppingTestDemo.a in Frameworks */ = {isa = PBXBuildFile; fileRef = BFBECE5BC38842F63DCDEAB9 /* libPods-ShoppingTestDemo.a */; };
		3988F66020103C750013B09E /* AppDelegate.m in Sources */ = {isa = PBXBuildFile; fileRef = 3988F65F20103C750013B09E /* AppDelegate.m */; };
		3988F66320103C750013B09E /* ViewController.m in Sources */ = {isa = PBXBuildFile; fileRef = 3988F66220103C750013B09E /* ViewController.m */; };
		3988F66620103C750013B09E /* Main.storyboard in Resources */ = {isa = PBXBuildFile; fileRef = 3988F66420103C750013B09E /* Main.storyboard */; };
		3988F66820103C750013B09E /* Assets.xcassets in Resources */ = {isa = PBXBuildFile; fileRef = 3988F66720103C750013B09E /* Assets.xcassets */; };
		3988F66B20103C750013B09E /* LaunchScreen.storyboard in Resources */ = {isa = PBXBuildFile; fileRef = 3988F66920103C750013B09E /* LaunchScreen.storyboard */; };
		3988F66E20103C750013B09E /* main.m in Sources */ = {isa = PBXBuildFile; fileRef = 3988F66D20103C750013B09E /* main.m */; };
		3988F67820103C750013B09E /* ShoppingTestDemoTests.m in Sources */ = {isa = PBXBuildFile; fileRef = 3988F67720103C750013B09E /* ShoppingTestDemoTests.m */; };
		3988F68320103C750013B09E /* ShoppingTestDemoUITests.m in Sources */ = {isa = PBXBuildFile; fileRef = 3988F68220103C750013B09E /* ShoppingTestDemoUITests.m */; };
		39DDAE4520118A5C00CBDCDE /* ShopModel.m in Sources */ = {isa = PBXBuildFile; fileRef = 39DDAE4420118A5C00CBDCDE /* ShopModel.m */; };
		39DDAE4820118BBF00CBDCDE /* ShopCartTableViewCell.m in Sources */ = {isa = PBXBuildFile; fileRef = 39DDAE4720118BBF00CBDCDE /* ShopCartTableViewCell.m */; };
		5CD871522123D90A00ED29DE /* JsOCViewController.m in Sources */ = {isa = PBXBuildFile; fileRef = 5CD871512123D90A00ED29DE /* JsOCViewController.m */; };
		5CD871562123DB0B00ED29DE /* index.html in Resources */ = {isa = PBXBuildFile; fileRef = 5CD871552123DB0A00ED29DE /* index.html */; };
/* End PBXBuildFile section */

/* Begin PBXContainerItemProxy section */
		3988F67420103C750013B09E /* PBXContainerItemProxy */ = {
			isa = PBXContainerItemProxy;
			containerPortal = 3988F65320103C750013B09E /* Project object */;
			proxyType = 1;
			remoteGlobalIDString = 3988F65A20103C750013B09E;
			remoteInfo = ShoppingTestDemo;
		};
		3988F67F20103C750013B09E /* PBXContainerItemProxy */ = {
			isa = PBXContainerItemProxy;
			containerPortal = 3988F65320103C750013B09E /* Project object */;
			proxyType = 1;
			remoteGlobalIDString = 3988F65A20103C750013B09E;
			remoteInfo = ShoppingTestDemo;
		};
/* End PBXContainerItemProxy section */

/* Begin PBXFileReference section */
		3988F65B20103C750013B09E /* ShoppingTestDemo.app */ = {isa = PBXFileReference; explicitFileType = wrapper.application; includeInIndex = 0; path = ShoppingTestDemo.app; sourceTree = BUILT_PRODUCTS_DIR; };
		3988F65E20103C750013B09E /* AppDelegate.h */ = {isa = PBXFileReference; lastKnownFileType = sourcecode.c.h; path = AppDelegate.h; sourceTree = "<group>"; };
		3988F65F20103C750013B09E /* AppDelegate.m */ = {isa = PBXFileReference; lastKnownFileType = sourcecode.c.objc; path = AppDelegate.m; sourceTree = "<group>"; };
		3988F66120103C750013B09E /* ViewController.h */ = {isa = PBXFileReference; lastKnownFileType = sourcecode.c.h; path = ViewController.h; sourceTree = "<group>"; };
		3988F66220103C750013B09E /* ViewController.m */ = {isa = PBXFileReference; lastKnownFileType = sourcecode.c.objc; path = ViewController.m; sourceTree = "<group>"; };
		3988F66520103C750013B09E /* Base */ = {isa = PBXFileReference; lastKnownFileType = file.storyboard; name = Base; path = Base.lproj/Main.storyboard; sourceTree = "<group>"; };
		3988F66720103C750013B09E /* Assets.xcassets */ = {isa = PBXFileReference; lastKnownFileType = folder.assetcatalog; path = Assets.xcassets; sourceTree = "<group>"; };
		3988F66A20103C750013B09E /* Base */ = {isa = PBXFileReference; lastKnownFileType = file.storyboard; name = Base; path = Base.lproj/LaunchScreen.storyboard; sourceTree = "<group>"; };
		3988F66C20103C750013B09E /* Info.plist */ = {isa = PBXFileReference; lastKnownFileType = text.plist.xml; path = Info.plist; sourceTree = "<group>"; };
		3988F66D20103C750013B09E /* main.m */ = {isa = PBXFileReference; lastKnownFileType = sourcecode.c.objc; path = main.m; sourceTree = "<group>"; };
		3988F67320103C750013B09E /* ShoppingTestDemoTests.xctest */ = {isa = PBXFileReference; explicitFileType = wrapper.cfbundle; includeInIndex = 0; path = ShoppingTestDemoTests.xctest; sourceTree = BUILT_PRODUCTS_DIR; };
		3988F67720103C750013B09E /* ShoppingTestDemoTests.m */ = {isa = PBXFileReference; lastKnownFileType = sourcecode.c.objc; path = ShoppingTestDemoTests.m; sourceTree = "<group>"; };
		3988F67920103C750013B09E /* Info.plist */ = {isa = PBXFileReference; lastKnownFileType = text.plist.xml; path = Info.plist; sourceTree = "<group>"; };
		3988F67E20103C750013B09E /* ShoppingTestDemoUITests.xctest */ = {isa = PBXFileReference; explicitFileType = wrapper.cfbundle; includeInIndex = 0; path = ShoppingTestDemoUITests.xctest; sourceTree = BUILT_PRODUCTS_DIR; };
		3988F68220103C750013B09E /* ShoppingTestDemoUITests.m */ = {isa = PBXFileReference; lastKnownFileType = sourcecode.c.objc; path = ShoppingTestDemoUITests.m; sourceTree = "<group>"; };
		3988F68420103C750013B09E /* Info.plist */ = {isa = PBXFileReference; lastKnownFileType = text.plist.xml; path = Info.plist; sourceTree = "<group>"; };
		39DDAE4320118A5C00CBDCDE /* ShopModel.h */ = {isa = PBXFileReference; lastKnownFileType = sourcecode.c.h; path = ShopModel.h; sourceTree = "<group>"; };
		39DDAE4420118A5C00CBDCDE /* ShopModel.m */ = {isa = PBXFileReference; lastKnownFileType = sourcecode.c.objc; path = ShopModel.m; sourceTree = "<group>"; };
		39DDAE4620118BBF00CBDCDE /* ShopCartTableViewCell.h */ = {isa = PBXFileReference; lastKnownFileType = sourcecode.c.h; path = ShopCartTableViewCell.h; sourceTree = "<group>"; };
		39DDAE4720118BBF00CBDCDE /* ShopCartTableViewCell.m */ = {isa = PBXFileReference; lastKnownFileType = sourcecode.c.objc; path = ShopCartTableViewCell.m; sourceTree = "<group>"; };
		5CD871502123D90A00ED29DE /* JsOCViewController.h */ = {isa = PBXFileReference; lastKnownFileType = sourcecode.c.h; path = JsOCViewController.h; sourceTree = "<group>"; };
		5CD871512123D90A00ED29DE /* JsOCViewController.m */ = {isa = PBXFileReference; lastKnownFileType = sourcecode.c.objc; path = JsOCViewController.m; sourceTree = "<group>"; };
		5CD871552123DB0A00ED29DE /* index.html */ = {isa = PBXFileReference; fileEncoding = 4; lastKnownFileType = text.html; path = index.html; sourceTree = "<group>"; };
		6362EBD06CB5492FFAD443A0 /* Pods-ShoppingTestDemo.debug.xcconfig */ = {isa = PBXFileReference; includeInIndex = 1; lastKnownFileType = text.xcconfig; name = "Pods-ShoppingTestDemo.debug.xcconfig"; path = "Pods/Target Support Files/Pods-ShoppingTestDemo/Pods-ShoppingTestDemo.debug.xcconfig"; sourceTree = "<group>"; };
		A172196C7D6BCF7DFD6DB475 /* Pods-ShoppingTestDemo.release.xcconfig */ = {isa = PBXFileReference; includeInIndex = 1; lastKnownFileType = text.xcconfig; name = "Pods-ShoppingTestDemo.release.xcconfig"; path = "Pods/Target Support Files/Pods-ShoppingTestDemo/Pods-ShoppingTestDemo.release.xcconfig"; sourceTree = "<group>"; };
		BFBECE5BC38842F63DCDEAB9 /* libPods-ShoppingTestDemo.a */ = {isa = PBXFileReference; explicitFileType = archive.ar; includeInIndex = 0; path = "libPods-ShoppingTestDemo.a"; sourceTree = BUILT_PRODUCTS_DIR; };
/* End PBXFileReference section */

/* Begin PBXFrameworksBuildPhase section */
		3988F65820103C750013B09E /* Frameworks */ = {
			isa = PBXFrameworksBuildPhase;
			buildActionMask = 2147483647;
			files = (
				2577F8422F4CDCDFD0CD7489 /* libPods-ShoppingTestDemo.a in Frameworks */,
			);
			runOnlyForDeploymentPostprocessing = 0;
		};
		3988F67020103C750013B09E /* Frameworks */ = {
			isa = PBXFrameworksBuildPhase;
			buildActionMask = 2147483647;
			files = (
			);
			runOnlyForDeploymentPostprocessing = 0;
		};
		3988F67B20103C750013B09E /* Frameworks */ = {
			isa = PBXFrameworksBuildPhase;
			buildActionMask = 2147483647;
			files = (
			);
			runOnlyForDeploymentPostprocessing = 0;
		};
/* End PBXFrameworksBuildPhase section */

/* Begin PBXGroup section */
		0A0842DA16A222052CCC5323 /* Frameworks */ = {
			isa = PBXGroup;
			children = (
				BFBECE5BC38842F63DCDEAB9 /* libPods-ShoppingTestDemo.a */,
			);
			name = Frameworks;
			sourceTree = "<group>";
		};
		3988F65220103C750013B09E = {
			isa = PBXGroup;
			children = (
				5CD8714F2123D89300ED29DE /* JsAndOC */,
				39DDAE3F201189E500CBDCDE /* Class */,
				3988F65D20103C750013B09E /* ShoppingTestDemo */,
				3988F67620103C750013B09E /* ShoppingTestDemoTests */,
				3988F68120103C750013B09E /* ShoppingTestDemoUITests */,
				3988F65C20103C750013B09E /* Products */,
				CEAADB265E96F267EAE9D458 /* Pods */,
				0A0842DA16A222052CCC5323 /* Frameworks */,
			);
			sourceTree = "<group>";
		};
		3988F65C20103C750013B09E /* Products */ = {
			isa = PBXGroup;
			children = (
				3988F65B20103C750013B09E /* ShoppingTestDemo.app */,
				3988F67320103C750013B09E /* ShoppingTestDemoTests.xctest */,
				3988F67E20103C750013B09E /* ShoppingTestDemoUITests.xctest */,
			);
			name = Products;
			sourceTree = "<group>";
		};
		3988F65D20103C750013B09E /* ShoppingTestDemo */ = {
			isa = PBXGroup;
			children = (
				3988F65E20103C750013B09E /* AppDelegate.h */,
				3988F65F20103C750013B09E /* AppDelegate.m */,
				3988F66420103C750013B09E /* Main.storyboard */,
				3988F66720103C750013B09E /* Assets.xcassets */,
				3988F66920103C750013B09E /* LaunchScreen.storyboard */,
				3988F66C20103C750013B09E /* Info.plist */,
				3988F66D20103C750013B09E /* main.m */,
			);
			path = ShoppingTestDemo;
			sourceTree = "<group>";
		};
		3988F67620103C750013B09E /* ShoppingTestDemoTests */ = {
			isa = PBXGroup;
			children = (
				3988F67720103C750013B09E /* ShoppingTestDemoTests.m */,
				3988F67920103C750013B09E /* Info.plist */,
			);
			path = ShoppingTestDemoTests;
			sourceTree = "<group>";
		};
		3988F68120103C750013B09E /* ShoppingTestDemoUITests */ = {
			isa = PBXGroup;
			children = (
				3988F68220103C750013B09E /* ShoppingTestDemoUITests.m */,
				3988F68420103C750013B09E /* Info.plist */,
			);
			path = ShoppingTestDemoUITests;
			sourceTree = "<group>";
		};
		39DDAE3F201189E500CBDCDE /* Class */ = {
			isa = PBXGroup;
			children = (
				39DDAE4220118A1100CBDCDE /* View */,
				39DDAE4120118A0000CBDCDE /* Model */,
				39DDAE40201189F100CBDCDE /* ViewController */,
			);
			path = Class;
			sourceTree = "<group>";
		};
		39DDAE40201189F100CBDCDE /* ViewController */ = {
			isa = PBXGroup;
			children = (
				3988F66120103C750013B09E /* ViewController.h */,
				3988F66220103C750013B09E /* ViewController.m */,
			);
			path = ViewController;
			sourceTree = "<group>";
		};
		39DDAE4120118A0000CBDCDE /* Model */ = {
			isa = PBXGroup;
			children = (
				39DDAE4320118A5C00CBDCDE /* ShopModel.h */,
				39DDAE4420118A5C00CBDCDE /* ShopModel.m */,
			);
			path = Model;
			sourceTree = "<group>";
		};
		39DDAE4220118A1100CBDCDE /* View */ = {
			isa = PBXGroup;
			children = (
				39DDAE4620118BBF00CBDCDE /* ShopCartTableViewCell.h */,
				39DDAE4720118BBF00CBDCDE /* ShopCartTableViewCell.m */,
			);
			path = View;
			sourceTree = "<group>";
		};
		5CD8714F2123D89300ED29DE /* JsAndOC */ = {
			isa = PBXGroup;
			children = (
				5CD871542123DAE800ED29DE /* View */,
				5CD871532123DAD100ED29DE /* ViewController */,
			);
			path = JsAndOC;
			sourceTree = "<group>";
		};
		5CD871532123DAD100ED29DE /* ViewController */ = {
			isa = PBXGroup;
			children = (
				5CD871502123D90A00ED29DE /* JsOCViewController.h */,
				5CD871512123D90A00ED29DE /* JsOCViewController.m */,
			);
			path = ViewController;
			sourceTree = "<group>";
		};
		5CD871542123DAE800ED29DE /* View */ = {
			isa = PBXGroup;
			children = (
				5CD871552123DB0A00ED29DE /* index.html */,
			);
			path = View;
			sourceTree = "<group>";
		};
		CEAADB265E96F267EAE9D458 /* Pods */ = {
			isa = PBXGroup;
			children = (
				6362EBD06CB5492FFAD443A0 /* Pods-ShoppingTestDemo.debug.xcconfig */,
				A172196C7D6BCF7DFD6DB475 /* Pods-ShoppingTestDemo.release.xcconfig */,
			);
			name = Pods;
			sourceTree = "<group>";
		};
/* End PBXGroup section */

/* Begin PBXNativeTarget section */
		3988F65A20103C750013B09E /* ShoppingTestDemo */ = {
			isa = PBXNativeTarget;
			buildConfigurationList = 3988F68720103C760013B09E /* Build configuration list for PBXNativeTarget "ShoppingTestDemo" */;
			buildPhases = (
				CC5611F66A916DAD4E0B8D1F /* [CP] Check Pods Manifest.lock */,
				3988F65720103C750013B09E /* Sources */,
				3988F65820103C750013B09E /* Frameworks */,
				3988F65920103C750013B09E /* Resources */,
				BF3C569571AF9A404875E306 /* [CP] Embed Pods Frameworks */,
				7CABCC06155CEA91D6ECFFA5 /* [CP] Copy Pods Resources */,
			);
			buildRules = (
			);
			dependencies = (
			);
			name = ShoppingTestDemo;
			productName = ShoppingTestDemo;
			productReference = 3988F65B20103C750013B09E /* ShoppingTestDemo.app */;
			productType = "com.apple.product-type.application";
		};
		3988F67220103C750013B09E /* ShoppingTestDemoTests */ = {
			isa = PBXNativeTarget;
			buildConfigurationList = 3988F68A20103C760013B09E /* Build configuration list for PBXNativeTarget "ShoppingTestDemoTests" */;
			buildPhases = (
				3988F66F20103C750013B09E /* Sources */,
				3988F67020103C750013B09E /* Frameworks */,
				3988F67120103C750013B09E /* Resources */,
			);
			buildRules = (
			);
			dependencies = (
				3988F67520103C750013B09E /* PBXTargetDependency */,
			);
			name = ShoppingTestDemoTests;
			productName = ShoppingTestDemoTests;
			productReference = 3988F67320103C750013B09E /* ShoppingTestDemoTests.xctest */;
			productType = "com.apple.product-type.bundle.unit-test";
		};
		3988F67D20103C750013B09E /* ShoppingTestDemoUITests */ = {
			isa = PBXNativeTarget;
			buildConfigurationList = 3988F68D20103C760013B09E /* Build configuration list for PBXNativeTarget "ShoppingTestDemoUITests" */;
			buildPhases = (
				3988F67A20103C750013B09E /* Sources */,
				3988F67B20103C750013B09E /* Frameworks */,
				3988F67C20103C750013B09E /* Resources */,
			);
			buildRules = (
			);
			dependencies = (
				3988F68020103C750013B09E /* PBXTargetDependency */,
			);
			name = ShoppingTestDemoUITests;
			productName = ShoppingTestDemoUITests;
			productReference = 3988F67E20103C750013B09E /* ShoppingTestDemoUITests.xctest */;
			productType = "com.apple.product-type.bundle.ui-testing";
		};
/* End PBXNativeTarget section */

/* Begin PBXProject section */
		3988F65320103C750013B09E /* Project object */ = {
			isa = PBXProject;
			attributes = {
				LastUpgradeCheck = 0910;
				ORGANIZATIONNAME = longjie;
				TargetAttributes = {
					3988F65A20103C750013B09E = {
						CreatedOnToolsVersion = 9.1;
						ProvisioningStyle = Automatic;
					};
					3988F67220103C750013B09E = {
						CreatedOnToolsVersion = 9.1;
						ProvisioningStyle = Automatic;
						TestTargetID = 3988F65A20103C750013B09E;
					};
					3988F67D20103C750013B09E = {
						CreatedOnToolsVersion = 9.1;
						ProvisioningStyle = Automatic;
						TestTargetID = 3988F65A20103C750013B09E;
					};
				};
			};
			buildConfigurationList = 3988F65620103C750013B09E /* Build configuration list for PBXProject "ShoppingTestDemo" */;
			compatibilityVersion = "Xcode 8.0";
			developmentRegion = en;
			hasScannedForEncodings = 0;
			knownRegions = (
				en,
				Base,
			);
			mainGroup = 3988F65220103C750013B09E;
			productRefGroup = 3988F65C20103C750013B09E /* Products */;
			projectDirPath = "";
			projectRoot = "";
			targets = (
				3988F65A20103C750013B09E /* ShoppingTestDemo */,
				3988F67220103C750013B09E /* ShoppingTestDemoTests */,
				3988F67D20103C750013B09E /* ShoppingTestDemoUITests */,
			);
		};
/* End PBXProject section */

/* Begin PBXResourcesBuildPhase section */
		3988F65920103C750013B09E /* Resources */ = {
			isa = PBXResourcesBuildPhase;
			buildActionMask = 2147483647;
			files = (
				3988F66B20103C750013B09E /* LaunchScreen.storyboard in Resources */,
				5CD871562123DB0B00ED29DE /* index.html in Resources */,
				3988F66820103C750013B09E /* Assets.xcassets in Resources */,
				3988F66620103C750013B09E /* Main.storyboard in Resources */,
			);
			runOnlyForDeploymentPostprocessing = 0;
		};
		3988F67120103C750013B09E /* Resources */ = {
			isa = PBXResourcesBuildPhase;
			buildActionMask = 2147483647;
			files = (
			);
			runOnlyForDeploymentPostprocessing = 0;
		};
		3988F67C20103C750013B09E /* Resources */ = {
			isa = PBXResourcesBuildPhase;
			buildActionMask = 2147483647;
			files = (
			);
			runOnlyForDeploymentPostprocessing = 0;
		};
/* End PBXResourcesBuildPhase section */

/* Begin PBXShellScriptBuildPhase section */
		7CABCC06155CEA91D6ECFFA5 /* [CP] Copy Pods Resources */ = {
			isa = PBXShellScriptBuildPhase;
			buildActionMask = 2147483647;
			files = (
			);
			inputPaths = (
			);
			name = "[CP] Copy Pods Resources";
			outputPaths = (
			);
			runOnlyForDeploymentPostprocessing = 0;
			shellPath = /bin/sh;
			shellScript = "\"${SRCROOT}/Pods/Target Support Files/Pods-ShoppingTestDemo/Pods-ShoppingTestDemo-resources.sh\"\n";
			showEnvVarsInLog = 0;
		};
		BF3C569571AF9A404875E306 /* [CP] Embed Pods Frameworks */ = {
			isa = PBXShellScriptBuildPhase;
			buildActionMask = 2147483647;
			files = (
			);
			inputPaths = (
			);
			name = "[CP] Embed Pods Frameworks";
			outputPaths = (
			);
			runOnlyForDeploymentPostprocessing = 0;
			shellPath = /bin/sh;
			shellScript = "\"${SRCROOT}/Pods/Target Support Files/Pods-ShoppingTestDemo/Pods-ShoppingTestDemo-frameworks.sh\"\n";
			showEnvVarsInLog = 0;
		};
		CC5611F66A916DAD4E0B8D1F /* [CP] Check Pods Manifest.lock */ = {
			isa = PBXShellScriptBuildPhase;
			buildActionMask = 2147483647;
			files = (
			);
			inputPaths = (
				"${PODS_PODFILE_DIR_PATH}/Podfile.lock",
				"${PODS_ROOT}/Manifest.lock",
			);
			name = "[CP] Check Pods Manifest.lock";
			outputPaths = (
				"$(DERIVED_FILE_DIR)/Pods-ShoppingTestDemo-checkManifestLockResult.txt",
			);
			runOnlyForDeploymentPostprocessing = 0;
			shellPath = /bin/sh;
			shellScript = "diff \"${PODS_PODFILE_DIR_PATH}/Podfile.lock\" \"${PODS_ROOT}/Manifest.lock\" > /dev/null\nif [ $? != 0 ] ; then\n    # print error to STDERR\n    echo \"error: The sandbox is not in sync with the Podfile.lock. Run 'pod install' or update your CocoaPods installation.\" >&2\n    exit 1\nfi\n# This output is used by Xcode 'outputs' to avoid re-running this script phase.\necho \"SUCCESS\" > \"${SCRIPT_OUTPUT_FILE_0}\"\n";
			showEnvVarsInLog = 0;
		};
/* End PBXShellScriptBuildPhase section */

/* Begin PBXSourcesBuildPhase section */
		3988F65720103C750013B09E /* Sources */ = {
			isa = PBXSourcesBuildPhase;
			buildActionMask = 2147483647;
			files = (
				3988F66320103C750013B09E /* ViewController.m in Sources */,
				5CD871522123D90A00ED29DE /* JsOCViewController.m in Sources */,
				39DDAE4520118A5C00CBDCDE /* ShopModel.m in Sources */,
				39DDAE4820118BBF00CBDCDE /* ShopCartTableViewCell.m in Sources */,
				3988F66E20103C750013B09E /* main.m in Sources */,
				3988F66020103C750013B09E /* AppDelegate.m in Sources */,
			);
			runOnlyForDeploymentPostprocessing = 0;
		};
		3988F66F20103C750013B09E /* Sources */ = {
			isa = PBXSourcesBuildPhase;
			buildActionMask = 2147483647;
			files = (
				3988F67820103C750013B09E /* ShoppingTestDemoTests.m in Sources */,
			);
			runOnlyForDeploymentPostprocessing = 0;
		};
		3988F67A20103C750013B09E /* Sources */ = {
			isa = PBXSourcesBuildPhase;
			buildActionMask = 2147483647;
			files = (
				3988F68320103C750013B09E /* ShoppingTestDemoUITests.m in Sources */,
			);
			runOnlyForDeploymentPostprocessing = 0;
		};
/* End PBXSourcesBuildPhase section */

/* Begin PBXTargetDependency section */
		3988F67520103C750013B09E /* PBXTargetDependency */ = {
			isa = PBXTargetDependency;
			target = 3988F65A20103C750013B09E /* ShoppingTestDemo */;
			targetProxy = 3988F67420103C750013B09E /* PBXContainerItemProxy */;
		};
		3988F68020103C750013B09E /* PBXTargetDependency */ = {
			isa = PBXTargetDependency;
			target = 3988F65A20103C750013B09E /* ShoppingTestDemo */;
			targetProxy = 3988F67F20103C750013B09E /* PBXContainerItemProxy */;
		};
/* End PBXTargetDependency section */

/* Begin PBXVariantGroup section */
		3988F66420103C750013B09E /* Main.storyboard */ = {
			isa = PBXVariantGroup;
			children = (
				3988F66520103C750013B09E /* Base */,
			);
			name = Main.storyboard;
			sourceTree = "<group>";
		};
		3988F66920103C750013B09E /* LaunchScreen.storyboard */ = {
			isa = PBXVariantGroup;
			children = (
				3988F66A20103C750013B09E /* Base */,
			);
			name = LaunchScreen.storyboard;
			sourceTree = "<group>";
		};
/* End PBXVariantGroup section */

/* Begin XCBuildConfiguration section */
		3988F68520103C760013B09E /* Debug */ = {
			isa = XCBuildConfiguration;
			buildSettings = {
				ALWAYS_SEARCH_USER_PATHS = NO;
				CLANG_ANALYZER_NONNULL = YES;
				CLANG_ANALYZER_NUMBER_OBJECT_CONVERSION = YES_AGGRESSIVE;
				CLANG_CXX_LANGUAGE_STANDARD = "gnu++14";
				CLANG_CXX_LIBRARY = "libc++";
				CLANG_ENABLE_MODULES = YES;
				CLANG_ENABLE_OBJC_ARC = YES;
				CLANG_WARN_BLOCK_CAPTURE_AUTORELEASING = YES;
				CLANG_WARN_BOOL_CONVERSION = YES;
				CLANG_WARN_COMMA = YES;
				CLANG_WARN_CONSTANT_CONVERSION = YES;
				CLANG_WARN_DIRECT_OBJC_ISA_USAGE = YES_ERROR;
				CLANG_WARN_DOCUMENTATION_COMMENTS = YES;
				CLANG_WARN_EMPTY_BODY = YES;
				CLANG_WARN_ENUM_CONVERSION = YES;
				CLANG_WARN_INFINITE_RECURSION = YES;
				CLANG_WARN_INT_CONVERSION = YES;
				CLANG_WARN_NON_LITERAL_NULL_CONVERSION = YES;
				CLANG_WARN_OBJC_LITERAL_CONVERSION = YES;
				CLANG_WARN_OBJC_ROOT_CLASS = YES_ERROR;
				CLANG_WARN_RANGE_LOOP_ANALYSIS = YES;
				CLANG_WARN_STRICT_PROTOTYPES = YES;
				CLANG_WARN_SUSPICIOUS_MOVE = YES;
				CLANG_WARN_UNGUARDED_AVAILABILITY = YES_AGGRESSIVE;
				CLANG_WARN_UNREACHABLE_CODE = YES;
				CLANG_WARN__DUPLICATE_METHOD_MATCH = YES;
				CODE_SIGN_IDENTITY = "iPhone Developer";
				COPY_PHASE_STRIP = NO;
				DEBUG_INFORMATION_FORMAT = dwarf;
				ENABLE_STRICT_OBJC_MSGSEND = YES;
				ENABLE_TESTABILITY = YES;
				GCC_C_LANGUAGE_STANDARD = gnu11;
				GCC_DYNAMIC_NO_PIC = NO;
				GCC_NO_COMMON_BLOCKS = YES;
				GCC_OPTIMIZATION_LEVEL = 0;
				GCC_PREPROCESSOR_DEFINITIONS = (
					"DEBUG=1",
					"$(inherited)",
				);
				GCC_WARN_64_TO_32_BIT_CONVERSION = YES;
				GCC_WARN_ABOUT_RETURN_TYPE = YES_ERROR;
				GCC_WARN_UNDECLARED_SELECTOR = YES;
				GCC_WARN_UNINITIALIZED_AUTOS = YES_AGGRESSIVE;
				GCC_WARN_UNUSED_FUNCTION = YES;
				GCC_WARN_UNUSED_VARIABLE = YES;
				IPHONEOS_DEPLOYMENT_TARGET = 11.1;
				MTL_ENABLE_DEBUG_INFO = YES;
				ONLY_ACTIVE_ARCH = YES;
				SDKROOT = iphoneos;
			};
			name = Debug;
		};
		3988F68620103C760013B09E /* Release */ = {
			isa = XCBuildConfiguration;
			buildSettings = {
				ALWAYS_SEARCH_USER_PATHS = NO;
				CLANG_ANALYZER_NONNULL = YES;
				CLANG_ANALYZER_NUMBER_OBJECT_CONVERSION = YES_AGGRESSIVE;
				CLANG_CXX_LANGUAGE_STANDARD = "gnu++14";
				CLANG_CXX_LIBRARY = "libc++";
				CLANG_ENABLE_MODULES = YES;
				CLANG_ENABLE_OBJC_ARC = YES;
				CLANG_WARN_BLOCK_CAPTURE_AUTORELEASING = YES;
				CLANG_WARN_BOOL_CONVERSION = YES;
				CLANG_WARN_COMMA = YES;
				CLANG_WARN_CONSTANT_CONVERSION = YES;
				CLANG_WARN_DIRECT_OBJC_ISA_USAGE = YES_ERROR;
				CLANG_WARN_DOCUMENTATION_COMMENTS = YES;
				CLANG_WARN_EMPTY_BODY = YES;
				CLANG_WARN_ENUM_CONVERSION = YES;
				CLANG_WARN_INFINITE_RECURSION = YES;
				CLANG_WARN_INT_CONVERSION = YES;
				CLANG_WARN_NON_LITERAL_NULL_CONVERSION = YES;
				CLANG_WARN_OBJC_LITERAL_CONVERSION = YES;
				CLANG_WARN_OBJC_ROOT_CLASS = YES_ERROR;
				CLANG_WARN_RANGE_LOOP_ANALYSIS = YES;
				CLANG_WARN_STRICT_PROTOTYPES = YES;
				CLANG_WARN_SUSPICIOUS_MOVE = YES;
				CLANG_WARN_UNGUARDED_AVAILABILITY = YES_AGGRESSIVE;
				CLANG_WARN_UNREACHABLE_CODE = YES;
				CLANG_WARN__DUPLICATE_METHOD_MATCH = YES;
				CODE_SIGN_IDENTITY = "iPhone Developer";
				COPY_PHASE_STRIP = NO;
				DEBUG_INFORMATION_FORMAT = "dwarf-with-dsym";
				ENABLE_NS_ASSERTIONS = NO;
				ENABLE_STRICT_OBJC_MSGSEND = YES;
				GCC_C_LANGUAGE_STANDARD = gnu11;
				GCC_NO_COMMON_BLOCKS = YES;
				GCC_WARN_64_TO_32_BIT_CONVERSION = YES;
				GCC_WARN_ABOUT_RETURN_TYPE = YES_ERROR;
				GCC_WARN_UNDECLARED_SELECTOR = YES;
				GCC_WARN_UNINITIALIZED_AUTOS = YES_AGGRESSIVE;
				GCC_WARN_UNUSED_FUNCTION = YES;
				GCC_WARN_UNUSED_VARIABLE = YES;
				IPHONEOS_DEPLOYMENT_TARGET = 11.1;
				MTL_ENABLE_DEBUG_INFO = NO;
				SDKROOT = iphoneos;
				VALIDATE_PRODUCT = YES;
			};
			name = Release;
		};
		3988F68820103C760013B09E /* Debug */ = {
			isa = XCBuildConfiguration;
			baseConfigurationReference = 6362EBD06CB5492FFAD443A0 /* Pods-ShoppingTestDemo.debug.xcconfig */;
			buildSettings = {
				ASSETCATALOG_COMPILER_APPICON_NAME = AppIcon;
				CODE_SIGN_STYLE = Automatic;
				INFOPLIST_FILE = ShoppingTestDemo/Info.plist;
				IPHONEOS_DEPLOYMENT_TARGET = 9.0;
				LD_RUNPATH_SEARCH_PATHS = "$(inherited) @executable_path/Frameworks";
				PRODUCT_BUNDLE_IDENTIFIER = com.loveyou.ShoppingTestDemo;
				PRODUCT_NAME = "$(TARGET_NAME)";
				TARGETED_DEVICE_FAMILY = "1,2";
			};
			name = Debug;
		};
		3988F68920103C760013B09E /* Release */ = {
			isa = XCBuildConfiguration;
			baseConfigurationReference = A172196C7D6BCF7DFD6DB475 /* Pods-ShoppingTestDemo.release.xcconfig */;
			buildSettings = {
				ASSETCATALOG_COMPILER_APPICON_NAME = AppIcon;
				CODE_SIGN_STYLE = Automatic;
				INFOPLIST_FILE = ShoppingTestDemo/Info.plist;
				IPHONEOS_DEPLOYMENT_TARGET = 9.0;
				LD_RUNPATH_SEARCH_PATHS = "$(inherited) @executable_path/Frameworks";
				PRODUCT_BUNDLE_IDENTIFIER = com.loveyou.ShoppingTestDemo;
				PRODUCT_NAME = "$(TARGET_NAME)";
				TARGETED_DEVICE_FAMILY = "1,2";
			};
			name = Release;
		};
		3988F68B20103C760013B09E /* Debug */ = {
			isa = XCBuildConfiguration;
			buildSettings = {
				BUNDLE_LOADER = "$(TEST_HOST)";
				CODE_SIGN_STYLE = Automatic;
				INFOPLIST_FILE = ShoppingTestDemoTests/Info.plist;
				LD_RUNPATH_SEARCH_PATHS = "$(inherited) @executable_path/Frameworks @loader_path/Frameworks";
				PRODUCT_BUNDLE_IDENTIFIER = com.loveyou.ShoppingTestDemoTests;
				PRODUCT_NAME = "$(TARGET_NAME)";
				TARGETED_DEVICE_FAMILY = "1,2";
				TEST_HOST = "$(BUILT_PRODUCTS_DIR)/ShoppingTestDemo.app/ShoppingTestDemo";
			};
			name = Debug;
		};
		3988F68C20103C760013B09E /* Release */ = {
			isa = XCBuildConfiguration;
			buildSettings = {
				BUNDLE_LOADER = "$(TEST_HOST)";
				CODE_SIGN_STYLE = Automatic;
				INFOPLIST_FILE = ShoppingTestDemoTests/Info.plist;
				LD_RUNPATH_SEARCH_PATHS = "$(inherited) @executable_path/Frameworks @loader_path/Frameworks";
				PRODUCT_BUNDLE_IDENTIFIER = com.loveyou.ShoppingTestDemoTests;
				PRODUCT_NAME = "$(TARGET_NAME)";
				TARGETED_DEVICE_FAMILY = "1,2";
				TEST_HOST = "$(BUILT_PRODUCTS_DIR)/ShoppingTestDemo.app/ShoppingTestDemo";
			};
			name = Release;
		};
		3988F68E20103C760013B09E /* Debug */ = {
			isa = XCBuildConfiguration;
			buildSettings = {
				CODE_SIGN_STYLE = Automatic;
				INFOPLIST_FILE = ShoppingTestDemoUITests/Info.plist;
				LD_RUNPATH_SEARCH_PATHS = "$(inherited) @executable_path/Frameworks @loader_path/Frameworks";
				PRODUCT_BUNDLE_IDENTIFIER = com.loveyou.ShoppingTestDemoUITests;
				PRODUCT_NAME = "$(TARGET_NAME)";
				TARGETED_DEVICE_FAMILY = "1,2";
				TEST_TARGET_NAME = ShoppingTestDemo;
			};
			name = Debug;
		};
		3988F68F20103C760013B09E /* Release */ = {
			isa = XCBuildConfiguration;
			buildSettings = {
				CODE_SIGN_STYLE = Automatic;
				INFOPLIST_FILE = ShoppingTestDemoUITests/Info.plist;
				LD_RUNPATH_SEARCH_PATHS = "$(inherited) @executable_path/Frameworks @loader_path/Frameworks";
				PRODUCT_BUNDLE_IDENTIFIER = com.loveyou.ShoppingTestDemoUITests;
				PRODUCT_NAME = "$(TARGET_NAME)";
				TARGETED_DEVICE_FAMILY = "1,2";
				TEST_TARGET_NAME = ShoppingTestDemo;
			};
			name = Release;
		};
/* End XCBuildConfiguration section */

/* Begin XCConfigurationList section */
		3988F65620103C750013B09E /* Build configuration list for PBXProject "ShoppingTestDemo" */ = {
			isa = XCConfigurationList;
			buildConfigurations = (
				3988F68520103C760013B09E /* Debug */,
				3988F68620103C760013B09E /* Release */,
			);
			defaultConfigurationIsVisible = 0;
			defaultConfigurationName = Release;
		};
		3988F68720103C760013B09E /* Build configuration list for PBXNativeTarget "ShoppingTestDemo" */ = {
			isa = XCConfigurationList;
			buildConfigurations = (
				3988F68820103C760013B09E /* Debug */,
				3988F68920103C760013B09E /* Release */,
			);
			defaultConfigurationIsVisible = 0;
			defaultConfigurationName = Release;
		};
		3988F68A20103C760013B09E /* Build configuration list for PBXNativeTarget "ShoppingTestDemoTests" */ = {
			isa = XCConfigurationList;
			buildConfigurations = (
				3988F68B20103C760013B09E /* Debug */,
				3988F68C20103C760013B09E /* Release */,
			);
			defaultConfigurationIsVisible = 0;
			defaultConfigurationName = Release;
		};
		3988F68D20103C760013B09E /* Build configuration list for PBXNativeTarget "ShoppingTestDemoUITests" */ = {
			isa = XCConfigurationList;
			buildConfigurations = (
				3988F68E20103C760013B09E /* Debug */,
				3988F68F20103C760013B09E /* Release */,
			);
			defaultConfigurationIsVisible = 0;
			defaultConfigurationName = Release;
		};
/* End XCConfigurationList section */
	};
	rootObject = 3988F65320103C750013B09E /* Project object */;
}
